
Microsoft Visual Studio Solution File, Format Version 12.00
# Visual Studio Version 17
VisualStudioVersion = 17.7.34018.315
MinimumVisualStudioVersion = 10.0.40219.1
Project("{FAE04EC0-301F-11D3-BF4B-00C04F79EFBC}") = "TESTgithub", "TESTgithub.csproj", "{E453ECAE-CE57-474B-85F2-57292FF7FEBF}"
EndProject
Global
	GlobalSection(SolutionConfigurationPlatforms) = preSolution
		Debug|Any CPU = Debug|Any CPU
		Release|Any CPU = Release|Any CPU
	EndGlobalSection
	GlobalSection(ProjectConfigurationPlatforms) = postSolution
		{E453ECAE-CE57-474B-85F2-57292FF7FEBF}.Debug|Any CPU.ActiveCfg = Debug|Any CPU
		{E453ECAE-CE57-474B-85F2-57292FF7FEBF}.Debug|Any CPU.Build.0 = Debug|Any CPU
		{E453ECAE-CE57-474B-85F2-57292FF7FEBF}.Release|Any CPU.ActiveCfg = Release|Any CPU
		{E453ECAE-CE57-474B-85F2-57292FF7FEBF}.Release|Any CPU.Build.0 = Release|Any CPU
	EndGlobalSection
	GlobalSection(SolutionProperties) = preSolution
		HideSolutionNode = FALSE
	EndGlobalSection
	GlobalSection(ExtensibilityGlobals) = postSolution
		SolutionGuid = {B0C4A931-A3C8-418F-BEF0-E40A6F2EA6F2}
	EndGlobalSection
EndGlobal
